// !$*UTF8*$!
{
	archiveVersion = 1;
	classes = {
	};
	objectVersion = 56;
	objects = {

/* Begin PBXBuildFile section */
		87D18CEE2A917B1100112BBF /* AppDelegate.swift in Sources */ = {isa = PBXBuildFile; fileRef = 87D18CED2A917B1100112BBF /* AppDelegate.swift */; };
		87D18CF02A917B1100112BBF /* SceneDelegate.swift in Sources */ = {isa = PBXBuildFile; fileRef = 87D18CEF2A917B1100112BBF /* SceneDelegate.swift */; };
		87D18CF22A917B1100112BBF /* HomeViewController.swift in Sources */ = {isa = PBXBuildFile; fileRef = 87D18CF12A917B1100112BBF /* HomeViewController.swift */; };
		87D18CF72A917B1200112BBF /* Assets.xcassets in Resources */ = {isa = PBXBuildFile; fileRef = 87D18CF62A917B1200112BBF /* Assets.xcassets */; };
		87D18CFA2A917B1200112BBF /* LaunchScreen.storyboard in Resources */ = {isa = PBXBuildFile; fileRef = 87D18CF82A917B1200112BBF /* LaunchScreen.storyboard */; };
		87D18D062A9447BB00112BBF /* ViewConfiguration.swift in Sources */ = {isa = PBXBuildFile; fileRef = 87D18D052A9447BB00112BBF /* ViewConfiguration.swift */; };
		87D18D082A9448E500112BBF /* Strings.swift in Sources */ = {isa = PBXBuildFile; fileRef = 87D18D072A9448E500112BBF /* Strings.swift */; };
		87D18D0B2A95346200112BBF /* RegisterViewController.swift in Sources */ = {isa = PBXBuildFile; fileRef = 87D18D0A2A95346200112BBF /* RegisterViewController.swift */; };
		87D18D0E2A953DCE00112BBF /* RegisterTextFieldComponent.swift in Sources */ = {isa = PBXBuildFile; fileRef = 87D18D0D2A953DCE00112BBF /* RegisterTextFieldComponent.swift */; };
		87D18D112A95A08900112BBF /* AdoptViewController.swift in Sources */ = {isa = PBXBuildFile; fileRef = 87D18D102A95A08900112BBF /* AdoptViewController.swift */; };
		87D18D142A95A76200112BBF /* AdoptViewCell.swift in Sources */ = {isa = PBXBuildFile; fileRef = 87D18D132A95A76200112BBF /* AdoptViewCell.swift */; };
		87D18D182A96ED9C00112BBF /* AnimalsModel.swift in Sources */ = {isa = PBXBuildFile; fileRef = 87D18D172A96ED9C00112BBF /* AnimalsModel.swift */; };
		87D18D1A2A96EDB300112BBF /* ApiService.swift in Sources */ = {isa = PBXBuildFile; fileRef = 87D18D192A96EDB300112BBF /* ApiService.swift */; };
		87D18D1C2A96EEAA00112BBF /* RegisterAnimalParams.swift in Sources */ = {isa = PBXBuildFile; fileRef = 87D18D1B2A96EEAA00112BBF /* RegisterAnimalParams.swift */; };
		87D18D1E2A9CE24500112BBF /* RegisterCompletedModel.swift in Sources */ = {isa = PBXBuildFile; fileRef = 87D18D1D2A9CE24500112BBF /* RegisterCompletedModel.swift */; };
		87D18D202A9D8D1000112BBF /* RegisterViewModel.swift in Sources */ = {isa = PBXBuildFile; fileRef = 87D18D1F2A9D8D1000112BBF /* RegisterViewModel.swift */; };
		87D18D222A9D94A600112BBF /* RegisterFactory.swift in Sources */ = {isa = PBXBuildFile; fileRef = 87D18D212A9D94A600112BBF /* RegisterFactory.swift */; };
/* End PBXBuildFile section */

/* Begin PBXFileReference section */
		87D18CEA2A917B1100112BBF /* super-pets.app */ = {isa = PBXFileReference; explicitFileType = wrapper.application; includeInIndex = 0; path = "super-pets.app"; sourceTree = BUILT_PRODUCTS_DIR; };
		87D18CED2A917B1100112BBF /* AppDelegate.swift */ = {isa = PBXFileReference; lastKnownFileType = sourcecode.swift; path = AppDelegate.swift; sourceTree = "<group>"; };
		87D18CEF2A917B1100112BBF /* SceneDelegate.swift */ = {isa = PBXFileReference; lastKnownFileType = sourcecode.swift; path = SceneDelegate.swift; sourceTree = "<group>"; };
		87D18CF12A917B1100112BBF /* HomeViewController.swift */ = {isa = PBXFileReference; lastKnownFileType = sourcecode.swift; path = HomeViewController.swift; sourceTree = "<group>"; };
		87D18CF62A917B1200112BBF /* Assets.xcassets */ = {isa = PBXFileReference; lastKnownFileType = folder.assetcatalog; path = Assets.xcassets; sourceTree = "<group>"; };
		87D18CF92A917B1200112BBF /* Base */ = {isa = PBXFileReference; lastKnownFileType = file.storyboard; name = Base; path = Base.lproj/LaunchScreen.storyboard; sourceTree = "<group>"; };
		87D18CFB2A917B1200112BBF /* Info.plist */ = {isa = PBXFileReference; lastKnownFileType = text.plist.xml; path = Info.plist; sourceTree = "<group>"; };
		87D18D052A9447BB00112BBF /* ViewConfiguration.swift */ = {isa = PBXFileReference; lastKnownFileType = sourcecode.swift; path = ViewConfiguration.swift; sourceTree = "<group>"; };
		87D18D072A9448E500112BBF /* Strings.swift */ = {isa = PBXFileReference; lastKnownFileType = sourcecode.swift; path = Strings.swift; sourceTree = "<group>"; };
		87D18D0A2A95346200112BBF /* RegisterViewController.swift */ = {isa = PBXFileReference; lastKnownFileType = sourcecode.swift; path = RegisterViewController.swift; sourceTree = "<group>"; };
		87D18D0D2A953DCE00112BBF /* RegisterTextFieldComponent.swift */ = {isa = PBXFileReference; lastKnownFileType = sourcecode.swift; path = RegisterTextFieldComponent.swift; sourceTree = "<group>"; };
		87D18D102A95A08900112BBF /* AdoptViewController.swift */ = {isa = PBXFileReference; lastKnownFileType = sourcecode.swift; path = AdoptViewController.swift; sourceTree = "<group>"; };
		87D18D132A95A76200112BBF /* AdoptViewCell.swift */ = {isa = PBXFileReference; lastKnownFileType = sourcecode.swift; path = AdoptViewCell.swift; sourceTree = "<group>"; };
		87D18D172A96ED9C00112BBF /* AnimalsModel.swift */ = {isa = PBXFileReference; lastKnownFileType = sourcecode.swift; path = AnimalsModel.swift; sourceTree = "<group>"; };
		87D18D192A96EDB300112BBF /* ApiService.swift */ = {isa = PBXFileReference; lastKnownFileType = sourcecode.swift; path = ApiService.swift; sourceTree = "<group>"; };
		87D18D1B2A96EEAA00112BBF /* RegisterAnimalParams.swift */ = {isa = PBXFileReference; lastKnownFileType = sourcecode.swift; path = RegisterAnimalParams.swift; sourceTree = "<group>"; };
		87D18D1D2A9CE24500112BBF /* RegisterCompletedModel.swift */ = {isa = PBXFileReference; lastKnownFileType = sourcecode.swift; path = RegisterCompletedModel.swift; sourceTree = "<group>"; };
		87D18D1F2A9D8D1000112BBF /* RegisterViewModel.swift */ = {isa = PBXFileReference; lastKnownFileType = sourcecode.swift; path = RegisterViewModel.swift; sourceTree = "<group>"; };
		87D18D212A9D94A600112BBF /* RegisterFactory.swift */ = {isa = PBXFileReference; lastKnownFileType = sourcecode.swift; path = RegisterFactory.swift; sourceTree = "<group>"; };
/* End PBXFileReference section */

/* Begin PBXFrameworksBuildPhase section */
		87D18CE72A917B1100112BBF /* Frameworks */ = {
			isa = PBXFrameworksBuildPhase;
			buildActionMask = 2147483647;
			files = (
			);
			runOnlyForDeploymentPostprocessing = 0;
		};
/* End PBXFrameworksBuildPhase section */

/* Begin PBXGroup section */
		87D18CE12A917B1100112BBF = {
			isa = PBXGroup;
			children = (
				87D18CEC2A917B1100112BBF /* super-pets */,
				87D18CEB2A917B1100112BBF /* Products */,
			);
			sourceTree = "<group>";
		};
		87D18CEB2A917B1100112BBF /* Products */ = {
			isa = PBXGroup;
			children = (
				87D18CEA2A917B1100112BBF /* super-pets.app */,
			);
			name = Products;
			sourceTree = "<group>";
		};
		87D18CEC2A917B1100112BBF /* super-pets */ = {
			isa = PBXGroup;
			children = (
				87D18D042A9447AB00112BBF /* Common */,
				87D18D022A94475000112BBF /* Scenes */,
				87D18D012A94471D00112BBF /* AppConfiguration */,
				87D18CF62A917B1200112BBF /* Assets.xcassets */,
				87D18CFB2A917B1200112BBF /* Info.plist */,
			);
			path = "super-pets";
			sourceTree = "<group>";
		};
		87D18D012A94471D00112BBF /* AppConfiguration */ = {
			isa = PBXGroup;
			children = (
				87D18CEF2A917B1100112BBF /* SceneDelegate.swift */,
				87D18CF82A917B1200112BBF /* LaunchScreen.storyboard */,
				87D18CED2A917B1100112BBF /* AppDelegate.swift */,
			);
			path = AppConfiguration;
			sourceTree = "<group>";
		};
		87D18D022A94475000112BBF /* Scenes */ = {
			isa = PBXGroup;
			children = (
				87D18D162A96ED5E00112BBF /* Model */,
				87D18D152A96ECE900112BBF /* Network */,
				87D18D0F2A95A06100112BBF /* Adopt */,
				87D18D092A95344D00112BBF /* Register */,
				87D18D032A94475800112BBF /* Home */,
			);
			path = Scenes;
			sourceTree = "<group>";
		};
		87D18D032A94475800112BBF /* Home */ = {
			isa = PBXGroup;
			children = (
				87D18CF12A917B1100112BBF /* HomeViewController.swift */,
			);
			path = Home;
			sourceTree = "<group>";
		};
		87D18D042A9447AB00112BBF /* Common */ = {
			isa = PBXGroup;
			children = (
				87D18D052A9447BB00112BBF /* ViewConfiguration.swift */,
				87D18D072A9448E500112BBF /* Strings.swift */,
			);
			path = Common;
			sourceTree = "<group>";
		};
		87D18D092A95344D00112BBF /* Register */ = {
			isa = PBXGroup;
			children = (
				87D18D0C2A953B5B00112BBF /* Item */,
				87D18D0A2A95346200112BBF /* RegisterViewController.swift */,
				87D18D1F2A9D8D1000112BBF /* RegisterViewModel.swift */,
				87D18D212A9D94A600112BBF /* RegisterFactory.swift */,
			);
			path = Register;
			sourceTree = "<group>";
		};
		87D18D0C2A953B5B00112BBF /* Item */ = {
			isa = PBXGroup;
			children = (
				87D18D0D2A953DCE00112BBF /* RegisterTextFieldComponent.swift */,
			);
			path = Item;
			sourceTree = "<group>";
		};
		87D18D0F2A95A06100112BBF /* Adopt */ = {
			isa = PBXGroup;
			children = (
				87D18D122A95A73400112BBF /* Item */,
				87D18D102A95A08900112BBF /* AdoptViewController.swift */,
			);
			path = Adopt;
			sourceTree = "<group>";
		};
		87D18D122A95A73400112BBF /* Item */ = {
			isa = PBXGroup;
			children = (
				87D18D132A95A76200112BBF /* AdoptViewCell.swift */,
			);
			path = Item;
			sourceTree = "<group>";
		};
		87D18D152A96ECE900112BBF /* Network */ = {
			isa = PBXGroup;
			children = (
				87D18D192A96EDB300112BBF /* ApiService.swift */,
			);
			path = Network;
			sourceTree = "<group>";
		};
		87D18D162A96ED5E00112BBF /* Model */ = {
			isa = PBXGroup;
			children = (
				87D18D172A96ED9C00112BBF /* AnimalsModel.swift */,
				87D18D1B2A96EEAA00112BBF /* RegisterAnimalParams.swift */,
				87D18D1D2A9CE24500112BBF /* RegisterCompletedModel.swift */,
			);
			path = Model;
			sourceTree = "<group>";
		};
/* End PBXGroup section */

/* Begin PBXNativeTarget section */
		87D18CE92A917B1100112BBF /* super-pets */ = {
			isa = PBXNativeTarget;
			buildConfigurationList = 87D18CFE2A917B1200112BBF /* Build configuration list for PBXNativeTarget "super-pets" */;
			buildPhases = (
				87D18CE62A917B1100112BBF /* Sources */,
				87D18CE72A917B1100112BBF /* Frameworks */,
				87D18CE82A917B1100112BBF /* Resources */,
			);
			buildRules = (
			);
			dependencies = (
			);
			name = "super-pets";
			productName = "super-pets";
			productReference = 87D18CEA2A917B1100112BBF /* super-pets.app */;
			productType = "com.apple.product-type.application";
		};
/* End PBXNativeTarget section */

/* Begin PBXProject section */
		87D18CE22A917B1100112BBF /* Project object */ = {
			isa = PBXProject;
			attributes = {
				BuildIndependentTargetsInParallel = 1;
				LastSwiftUpdateCheck = 1430;
				LastUpgradeCheck = 1430;
				TargetAttributes = {
					87D18CE92A917B1100112BBF = {
						CreatedOnToolsVersion = 14.3.1;
					};
				};
			};
			buildConfigurationList = 87D18CE52A917B1100112BBF /* Build configuration list for PBXProject "super-pets" */;
			compatibilityVersion = "Xcode 14.0";
			developmentRegion = en;
			hasScannedForEncodings = 0;
			knownRegions = (
				en,
				Base,
			);
			mainGroup = 87D18CE12A917B1100112BBF;
			productRefGroup = 87D18CEB2A917B1100112BBF /* Products */;
			projectDirPath = "";
			projectRoot = "";
			targets = (
				87D18CE92A917B1100112BBF /* super-pets */,
			);
		};
/* End PBXProject section */

/* Begin PBXResourcesBuildPhase section */
		87D18CE82A917B1100112BBF /* Resources */ = {
			isa = PBXResourcesBuildPhase;
			buildActionMask = 2147483647;
			files = (
				87D18CFA2A917B1200112BBF /* LaunchScreen.storyboard in Resources */,
				87D18CF72A917B1200112BBF /* Assets.xcassets in Resources */,
			);
			runOnlyForDeploymentPostprocessing = 0;
		};
/* End PBXResourcesBuildPhase section */

/* Begin PBXSourcesBuildPhase section */
		87D18CE62A917B1100112BBF /* Sources */ = {
			isa = PBXSourcesBuildPhase;
			buildActionMask = 2147483647;
			files = (
				87D18D1C2A96EEAA00112BBF /* RegisterAnimalParams.swift in Sources */,
				87D18CF22A917B1100112BBF /* HomeViewController.swift in Sources */,
				87D18D062A9447BB00112BBF /* ViewConfiguration.swift in Sources */,
				87D18D0E2A953DCE00112BBF /* RegisterTextFieldComponent.swift in Sources */,
				87D18D112A95A08900112BBF /* AdoptViewController.swift in Sources */,
				87D18D142A95A76200112BBF /* AdoptViewCell.swift in Sources */,
				87D18D082A9448E500112BBF /* Strings.swift in Sources */,
				87D18D1E2A9CE24500112BBF /* RegisterCompletedModel.swift in Sources */,
				87D18D1A2A96EDB300112BBF /* ApiService.swift in Sources */,
				87D18D222A9D94A600112BBF /* RegisterFactory.swift in Sources */,
				87D18D202A9D8D1000112BBF /* RegisterViewModel.swift in Sources */,
				87D18D0B2A95346200112BBF /* RegisterViewController.swift in Sources */,
				87D18CEE2A917B1100112BBF /* AppDelegate.swift in Sources */,
				87D18D182A96ED9C00112BBF /* AnimalsModel.swift in Sources */,
				87D18CF02A917B1100112BBF /* SceneDelegate.swift in Sources */,
			);
			runOnlyForDeploymentPostprocessing = 0;
		};
/* End PBXSourcesBuildPhase section */

/* Begin PBXVariantGroup section */
		87D18CF82A917B1200112BBF /* LaunchScreen.storyboard */ = {
			isa = PBXVariantGroup;
			children = (
				87D18CF92A917B1200112BBF /* Base */,
			);
			name = LaunchScreen.storyboard;
			sourceTree = "<group>";
		};
/* End PBXVariantGroup section */

/* Begin XCBuildConfiguration section */
		87D18CFC2A917B1200112BBF /* Debug */ = {
			isa = XCBuildConfiguration;
			buildSettings = {
				ALWAYS_SEARCH_USER_PATHS = NO;
				CLANG_ANALYZER_NONNULL = YES;
				CLANG_ANALYZER_NUMBER_OBJECT_CONVERSION = YES_AGGRESSIVE;
				CLANG_CXX_LANGUAGE_STANDARD = "gnu++20";
				CLANG_ENABLE_MODULES = YES;
				CLANG_ENABLE_OBJC_ARC = YES;
				CLANG_ENABLE_OBJC_WEAK = YES;
				CLANG_WARN_BLOCK_CAPTURE_AUTORELEASING = YES;
				CLANG_WARN_BOOL_CONVERSION = YES;
				CLANG_WARN_COMMA = YES;
				CLANG_WARN_CONSTANT_CONVERSION = YES;
				CLANG_WARN_DEPRECATED_OBJC_IMPLEMENTATIONS = YES;
				CLANG_WARN_DIRECT_OBJC_ISA_USAGE = YES_ERROR;
				CLANG_WARN_DOCUMENTATION_COMMENTS = YES;
				CLANG_WARN_EMPTY_BODY = YES;
				CLANG_WARN_ENUM_CONVERSION = YES;
				CLANG_WARN_INFINITE_RECURSION = YES;
				CLANG_WARN_INT_CONVERSION = YES;
				CLANG_WARN_NON_LITERAL_NULL_CONVERSION = YES;
				CLANG_WARN_OBJC_IMPLICIT_RETAIN_SELF = YES;
				CLANG_WARN_OBJC_LITERAL_CONVERSION = YES;
				CLANG_WARN_OBJC_ROOT_CLASS = YES_ERROR;
				CLANG_WARN_QUOTED_INCLUDE_IN_FRAMEWORK_HEADER = YES;
				CLANG_WARN_RANGE_LOOP_ANALYSIS = YES;
				CLANG_WARN_STRICT_PROTOTYPES = YES;
				CLANG_WARN_SUSPICIOUS_MOVE = YES;
				CLANG_WARN_UNGUARDED_AVAILABILITY = YES_AGGRESSIVE;
				CLANG_WARN_UNREACHABLE_CODE = YES;
				CLANG_WARN__DUPLICATE_METHOD_MATCH = YES;
				COPY_PHASE_STRIP = NO;
				DEBUG_INFORMATION_FORMAT = dwarf;
				ENABLE_STRICT_OBJC_MSGSEND = YES;
				ENABLE_TESTABILITY = YES;
				GCC_C_LANGUAGE_STANDARD = gnu11;
				GCC_DYNAMIC_NO_PIC = NO;
				GCC_NO_COMMON_BLOCKS = YES;
				GCC_OPTIMIZATION_LEVEL = 0;
				GCC_PREPROCESSOR_DEFINITIONS = (
					"DEBUG=1",
					"$(inherited)",
				);
				GCC_WARN_64_TO_32_BIT_CONVERSION = YES;
				GCC_WARN_ABOUT_RETURN_TYPE = YES_ERROR;
				GCC_WARN_UNDECLARED_SELECTOR = YES;
				GCC_WARN_UNINITIALIZED_AUTOS = YES_AGGRESSIVE;
				GCC_WARN_UNUSED_FUNCTION = YES;
				GCC_WARN_UNUSED_VARIABLE = YES;
				IPHONEOS_DEPLOYMENT_TARGET = 16.4;
				MTL_ENABLE_DEBUG_INFO = INCLUDE_SOURCE;
				MTL_FAST_MATH = YES;
				ONLY_ACTIVE_ARCH = YES;
				SDKROOT = iphoneos;
				SWIFT_ACTIVE_COMPILATION_CONDITIONS = DEBUG;
				SWIFT_OPTIMIZATION_LEVEL = "-Onone";
			};
			name = Debug;
		};
		87D18CFD2A917B1200112BBF /* Release */ = {
			isa = XCBuildConfiguration;
			buildSettings = {
				ALWAYS_SEARCH_USER_PATHS = NO;
				CLANG_ANALYZER_NONNULL = YES;
				CLANG_ANALYZER_NUMBER_OBJECT_CONVERSION = YES_AGGRESSIVE;
				CLANG_CXX_LANGUAGE_STANDARD = "gnu++20";
				CLANG_ENABLE_MODULES = YES;
				CLANG_ENABLE_OBJC_ARC = YES;
				CLANG_ENABLE_OBJC_WEAK = YES;
				CLANG_WARN_BLOCK_CAPTURE_AUTORELEASING = YES;
				CLANG_WARN_BOOL_CONVERSION = YES;
				CLANG_WARN_COMMA = YES;
				CLANG_WARN_CONSTANT_CONVERSION = YES;
				CLANG_WARN_DEPRECATED_OBJC_IMPLEMENTATIONS = YES;
				CLANG_WARN_DIRECT_OBJC_ISA_USAGE = YES_ERROR;
				CLANG_WARN_DOCUMENTATION_COMMENTS = YES;
				CLANG_WARN_EMPTY_BODY = YES;
				CLANG_WARN_ENUM_CONVERSION = YES;
				CLANG_WARN_INFINITE_RECURSION = YES;
				CLANG_WARN_INT_CONVERSION = YES;
				CLANG_WARN_NON_LITERAL_NULL_CONVERSION = YES;
				CLANG_WARN_OBJC_IMPLICIT_RETAIN_SELF = YES;
				CLANG_WARN_OBJC_LITERAL_CONVERSION = YES;
				CLANG_WARN_OBJC_ROOT_CLASS = YES_ERROR;
				CLANG_WARN_QUOTED_INCLUDE_IN_FRAMEWORK_HEADER = YES;
				CLANG_WARN_RANGE_LOOP_ANALYSIS = YES;
				CLANG_WARN_STRICT_PROTOTYPES = YES;
				CLANG_WARN_SUSPICIOUS_MOVE = YES;
				CLANG_WARN_UNGUARDED_AVAILABILITY = YES_AGGRESSIVE;
				CLANG_WARN_UNREACHABLE_CODE = YES;
				CLANG_WARN__DUPLICATE_METHOD_MATCH = YES;
				COPY_PHASE_STRIP = NO;
				DEBUG_INFORMATION_FORMAT = "dwarf-with-dsym";
				ENABLE_NS_ASSERTIONS = NO;
				ENABLE_STRICT_OBJC_MSGSEND = YES;
				GCC_C_LANGUAGE_STANDARD = gnu11;
				GCC_NO_COMMON_BLOCKS = YES;
				GCC_WARN_64_TO_32_BIT_CONVERSION = YES;
				GCC_WARN_ABOUT_RETURN_TYPE = YES_ERROR;
				GCC_WARN_UNDECLARED_SELECTOR = YES;
				GCC_WARN_UNINITIALIZED_AUTOS = YES_AGGRESSIVE;
				GCC_WARN_UNUSED_FUNCTION = YES;
				GCC_WARN_UNUSED_VARIABLE = YES;
				IPHONEOS_DEPLOYMENT_TARGET = 16.4;
				MTL_ENABLE_DEBUG_INFO = NO;
				MTL_FAST_MATH = YES;
				SDKROOT = iphoneos;
				SWIFT_COMPILATION_MODE = wholemodule;
				SWIFT_OPTIMIZATION_LEVEL = "-O";
				VALIDATE_PRODUCT = YES;
			};
			name = Release;
		};
		87D18CFF2A917B1200112BBF /* Debug */ = {
			isa = XCBuildConfiguration;
			buildSettings = {
				ASSETCATALOG_COMPILER_APPICON_NAME = AppIcon;
				ASSETCATALOG_COMPILER_GLOBAL_ACCENT_COLOR_NAME = AccentColor;
				CODE_SIGN_STYLE = Automatic;
				CURRENT_PROJECT_VERSION = 1;
				DEVELOPMENT_TEAM = 5H277L84SS;
				GENERATE_INFOPLIST_FILE = YES;
				INFOPLIST_FILE = "super-pets/Info.plist";
				INFOPLIST_KEY_UIApplicationSupportsIndirectInputEvents = YES;
				INFOPLIST_KEY_UILaunchStoryboardName = LaunchScreen;
				INFOPLIST_KEY_UISupportedInterfaceOrientations_iPad = "UIInterfaceOrientationPortrait UIInterfaceOrientationPortraitUpsideDown UIInterfaceOrientationLandscapeLeft UIInterfaceOrientationLandscapeRight";
				INFOPLIST_KEY_UISupportedInterfaceOrientations_iPhone = "UIInterfaceOrientationPortrait UIInterfaceOrientationLandscapeLeft UIInterfaceOrientationLandscapeRight";
				LD_RUNPATH_SEARCH_PATHS = (
					"$(inherited)",
					"@executable_path/Frameworks",
				);
				MARKETING_VERSION = 1.0;
				PRODUCT_BUNDLE_IDENTIFIER = "baroneBarbara.super-pets";
				PRODUCT_NAME = "$(TARGET_NAME)";
				SWIFT_EMIT_LOC_STRINGS = YES;
				SWIFT_VERSION = 5.0;
				TARGETED_DEVICE_FAMILY = "1,2";
			};
			name = Debug;
		};
		87D18D002A917B1200112BBF /* Release */ = {
			isa = XCBuildConfiguration;
			buildSettings = {
				ASSETCATALOG_COMPILER_APPICON_NAME = AppIcon;
				ASSETCATALOG_COMPILER_GLOBAL_ACCENT_COLOR_NAME = AccentColor;
				CODE_SIGN_STYLE = Automatic;
				CURRENT_PROJECT_VERSION = 1;
				DEVELOPMENT_TEAM = 5H277L84SS;
				GENERATE_INFOPLIST_FILE = YES;
				INFOPLIST_FILE = "super-pets/Info.plist";
				INFOPLIST_KEY_UIApplicationSupportsIndirectInputEvents = YES;
				INFOPLIST_KEY_UILaunchStoryboardName = LaunchScreen;
				INFOPLIST_KEY_UISupportedInterfaceOrientations_iPad = "UIInterfaceOrientationPortrait UIInterfaceOrientationPortraitUpsideDown UIInterfaceOrientationLandscapeLeft UIInterfaceOrientationLandscapeRight";
				INFOPLIST_KEY_UISupportedInterfaceOrientations_iPhone = "UIInterfaceOrientationPortrait UIInterfaceOrientationLandscapeLeft UIInterfaceOrientationLandscapeRight";
				LD_RUNPATH_SEARCH_PATHS = (
					"$(inherited)",
					"@executable_path/Frameworks",
				);
				MARKETING_VERSION = 1.0;
				PRODUCT_BUNDLE_IDENTIFIER = "baroneBarbara.super-pets";
				PRODUCT_NAME = "$(TARGET_NAME)";
				SWIFT_EMIT_LOC_STRINGS = YES;
				SWIFT_VERSION = 5.0;
				TARGETED_DEVICE_FAMILY = "1,2";
			};
			name = Release;
		};
/* End XCBuildConfiguration section */

/* Begin XCConfigurationList section */
		87D18CE52A917B1100112BBF /* Build configuration list for PBXProject "super-pets" */ = {
			isa = XCConfigurationList;
			buildConfigurations = (
				87D18CFC2A917B1200112BBF /* Debug */,
				87D18CFD2A917B1200112BBF /* Release */,
			);
			defaultConfigurationIsVisible = 0;
			defaultConfigurationName = Release;
		};
		87D18CFE2A917B1200112BBF /* Build configuration list for PBXNativeTarget "super-pets" */ = {
			isa = XCConfigurationList;
			buildConfigurations = (
				87D18CFF2A917B1200112BBF /* Debug */,
				87D18D002A917B1200112BBF /* Release */,
			);
			defaultConfigurationIsVisible = 0;
			defaultConfigurationName = Release;
		};
/* End XCConfigurationList section */
	};
	rootObject = 87D18CE22A917B1100112BBF /* Project object */;
}
